// !$*UTF8*$!
{
	archiveVersion = 1;
	classes = {
	};
	objectVersion = 50;
	objects = {

/* Begin PBXBuildFile section */
		1A6BAA3426A9DBEE004D092A /* AppDelegate.swift in Sources */ = {isa = PBXBuildFile; fileRef = 1A6BAA3326A9DBEE004D092A /* AppDelegate.swift */; };
		1A6BAA3626A9DBEE004D092A /* SceneDelegate.swift in Sources */ = {isa = PBXBuildFile; fileRef = 1A6BAA3526A9DBEE004D092A /* SceneDelegate.swift */; };
		1A6BAA3826A9DBEE004D092A /* ViewController.swift in Sources */ = {isa = PBXBuildFile; fileRef = 1A6BAA3726A9DBEE004D092A /* ViewController.swift */; };
		1A6BAA3B26A9DBEE004D092A /* Main.storyboard in Resources */ = {isa = PBXBuildFile; fileRef = 1A6BAA3926A9DBEE004D092A /* Main.storyboard */; };
		1A6BAA3D26A9DBEF004D092A /* Assets.xcassets in Resources */ = {isa = PBXBuildFile; fileRef = 1A6BAA3C26A9DBEF004D092A /* Assets.xcassets */; };
		1A6BAA4026A9DBEF004D092A /* LaunchScreen.storyboard in Resources */ = {isa = PBXBuildFile; fileRef = 1A6BAA3E26A9DBEF004D092A /* LaunchScreen.storyboard */; };
		1A7A1F6C26B0641E0032E53A /* SelectionViewController.swift in Sources */ = {isa = PBXBuildFile; fileRef = 1A7A1F6B26B0641E0032E53A /* SelectionViewController.swift */; };
		1A7A1F6E26B19E150032E53A /* ViewControllerSECOND.swift in Sources */ = {isa = PBXBuildFile; fileRef = 1A7A1F6D26B19E150032E53A /* ViewControllerSECOND.swift */; };
/* End PBXBuildFile section */

/* Begin PBXFileReference section */
		1A6BAA3026A9DBEE004D092A /* MoodletGitREPO2.app */ = {isa = PBXFileReference; explicitFileType = wrapper.application; includeInIndex = 0; path = MoodletGitREPO2.app; sourceTree = BUILT_PRODUCTS_DIR; };
		1A6BAA3326A9DBEE004D092A /* AppDelegate.swift */ = {isa = PBXFileReference; lastKnownFileType = sourcecode.swift; path = AppDelegate.swift; sourceTree = "<group>"; };
		1A6BAA3526A9DBEE004D092A /* SceneDelegate.swift */ = {isa = PBXFileReference; lastKnownFileType = sourcecode.swift; path = SceneDelegate.swift; sourceTree = "<group>"; };
		1A6BAA3726A9DBEE004D092A /* ViewController.swift */ = {isa = PBXFileReference; lastKnownFileType = sourcecode.swift; path = ViewController.swift; sourceTree = "<group>"; };
		1A6BAA3A26A9DBEE004D092A /* Base */ = {isa = PBXFileReference; lastKnownFileType = file.storyboard; name = Base; path = Base.lproj/Main.storyboard; sourceTree = "<group>"; };
		1A6BAA3C26A9DBEF004D092A /* Assets.xcassets */ = {isa = PBXFileReference; lastKnownFileType = folder.assetcatalog; path = Assets.xcassets; sourceTree = "<group>"; };
		1A6BAA3F26A9DBEF004D092A /* Base */ = {isa = PBXFileReference; lastKnownFileType = file.storyboard; name = Base; path = Base.lproj/LaunchScreen.storyboard; sourceTree = "<group>"; };
		1A6BAA4126A9DBEF004D092A /* Info.plist */ = {isa = PBXFileReference; lastKnownFileType = text.plist.xml; path = Info.plist; sourceTree = "<group>"; };
		1A7A1F6B26B0641E0032E53A /* SelectionViewController.swift */ = {isa = PBXFileReference; lastKnownFileType = sourcecode.swift; path = SelectionViewController.swift; sourceTree = "<group>"; };
		1A7A1F6D26B19E150032E53A /* ViewControllerSECOND.swift */ = {isa = PBXFileReference; lastKnownFileType = sourcecode.swift; path = ViewControllerSECOND.swift; sourceTree = "<group>"; };
/* End PBXFileReference section */

/* Begin PBXFrameworksBuildPhase section */
		1A6BAA2D26A9DBEE004D092A /* Frameworks */ = {
			isa = PBXFrameworksBuildPhase;
			buildActionMask = 2147483647;
			files = (
			);
			runOnlyForDeploymentPostprocessing = 0;
		};
/* End PBXFrameworksBuildPhase section */

/* Begin PBXGroup section */
		1A6BAA2726A9DBEE004D092A = {
			isa = PBXGroup;
			children = (
				1A6BAA3226A9DBEE004D092A /* MoodletGitREPO2 */,
				1A6BAA3126A9DBEE004D092A /* Products */,
			);
			sourceTree = "<group>";
		};
		1A6BAA3126A9DBEE004D092A /* Products */ = {
			isa = PBXGroup;
			children = (
				1A6BAA3026A9DBEE004D092A /* MoodletGitREPO2.app */,
			);
			name = Products;
			sourceTree = "<group>";
		};
		1A6BAA3226A9DBEE004D092A /* MoodletGitREPO2 */ = {
			isa = PBXGroup;
			children = (
				1A6BAA3326A9DBEE004D092A /* AppDelegate.swift */,
				1A6BAA3526A9DBEE004D092A /* SceneDelegate.swift */,
				1A7A1F6B26B0641E0032E53A /* SelectionViewController.swift */,
				1A6BAA3726A9DBEE004D092A /* ViewController.swift */,
				1A6BAA3926A9DBEE004D092A /* Main.storyboard */,
				1A7A1F6D26B19E150032E53A /* ViewControllerSECOND.swift */,
				1A6BAA3C26A9DBEF004D092A /* Assets.xcassets */,
				1A6BAA3E26A9DBEF004D092A /* LaunchScreen.storyboard */,
				1A6BAA4126A9DBEF004D092A /* Info.plist */,
			);
			path = MoodletGitREPO2;
			sourceTree = "<group>";
		};
/* End PBXGroup section */

/* Begin PBXNativeTarget section */
		1A6BAA2F26A9DBEE004D092A /* MoodletGitREPO2 */ = {
			isa = PBXNativeTarget;
			buildConfigurationList = 1A6BAA4426A9DBEF004D092A /* Build configuration list for PBXNativeTarget "MoodletGitREPO2" */;
			buildPhases = (
				1A6BAA2C26A9DBEE004D092A /* Sources */,
				1A6BAA2D26A9DBEE004D092A /* Frameworks */,
				1A6BAA2E26A9DBEE004D092A /* Resources */,
			);
			buildRules = (
			);
			dependencies = (
			);
			name = MoodletGitREPO2;
			productName = MoodletGitREPO2;
			productReference = 1A6BAA3026A9DBEE004D092A /* MoodletGitREPO2.app */;
			productType = "com.apple.product-type.application";
		};
/* End PBXNativeTarget section */

/* Begin PBXProject section */
		1A6BAA2826A9DBEE004D092A /* Project object */ = {
			isa = PBXProject;
			attributes = {
				LastSwiftUpdateCheck = 1250;
				LastUpgradeCheck = 1250;
				TargetAttributes = {
					1A6BAA2F26A9DBEE004D092A = {
						CreatedOnToolsVersion = 12.5.1;
					};
				};
			};
			buildConfigurationList = 1A6BAA2B26A9DBEE004D092A /* Build configuration list for PBXProject "MoodletGitREPO2" */;
			compatibilityVersion = "Xcode 9.3";
			developmentRegion = en;
			hasScannedForEncodings = 0;
			knownRegions = (
				en,
				Base,
			);
			mainGroup = 1A6BAA2726A9DBEE004D092A;
			productRefGroup = 1A6BAA3126A9DBEE004D092A /* Products */;
			projectDirPath = "";
			projectRoot = "";
			targets = (
				1A6BAA2F26A9DBEE004D092A /* MoodletGitREPO2 */,
			);
		};
/* End PBXProject section */

/* Begin PBXResourcesBuildPhase section */
		1A6BAA2E26A9DBEE004D092A /* Resources */ = {
			isa = PBXResourcesBuildPhase;
			buildActionMask = 2147483647;
			files = (
				1A6BAA4026A9DBEF004D092A /* LaunchScreen.storyboard in Resources */,
				1A6BAA3D26A9DBEF004D092A /* Assets.xcassets in Resources */,
				1A6BAA3B26A9DBEE004D092A /* Main.storyboard in Resources */,
			);
			runOnlyForDeploymentPostprocessing = 0;
		};
/* End PBXResourcesBuildPhase section */

/* Begin PBXSourcesBuildPhase section */
		1A6BAA2C26A9DBEE004D092A /* Sources */ = {
			isa = PBXSourcesBuildPhase;
			buildActionMask = 2147483647;
			files = (
				1A6BAA3826A9DBEE004D092A /* ViewController.swift in Sources */,
				1A7A1F6C26B0641E0032E53A /* SelectionViewController.swift in Sources */,
				1A6BAA3426A9DBEE004D092A /* AppDelegate.swift in Sources */,
				1A7A1F6E26B19E150032E53A /* ViewControllerSECOND.swift in Sources */,
				1A6BAA3626A9DBEE004D092A /* SceneDelegate.swift in Sources */,
			);
			runOnlyForDeploymentPostprocessing = 0;
		};
/* End PBXSourcesBuildPhase section */

/* Begin PBXVariantGroup section */
		1A6BAA3926A9DBEE004D092A /* Main.storyboard */ = {
			isa = PBXVariantGroup;
			children = (
				1A6BAA3A26A9DBEE004D092A /* Base */,
			);
			name = Main.storyboard;
			sourceTree = "<group>";
		};
		1A6BAA3E26A9DBEF004D092A /* LaunchScreen.storyboard */ = {
			isa = PBXVariantGroup;
			children = (
				1A6BAA3F26A9DBEF004D092A /* Base */,
			);
			name = LaunchScreen.storyboard;
			sourceTree = "<group>";
		};
/* End PBXVariantGroup section */

/* Begin XCBuildConfiguration section */
		1A6BAA4226A9DBEF004D092A /* Debug */ = {
			isa = XCBuildConfiguration;
			buildSettings = {
				ALWAYS_SEARCH_USER_PATHS = NO;
				CLANG_ANALYZER_NONNULL = YES;
				CLANG_ANALYZER_NUMBER_OBJECT_CONVERSION = YES_AGGRESSIVE;
				CLANG_CXX_LANGUAGE_STANDARD = "gnu++14";
				CLANG_CXX_LIBRARY = "libc++";
				CLANG_ENABLE_MODULES = YES;
				CLANG_ENABLE_OBJC_ARC = YES;
				CLANG_ENABLE_OBJC_WEAK = YES;
				CLANG_WARN_BLOCK_CAPTURE_AUTORELEASING = YES;
				CLANG_WARN_BOOL_CONVERSION = YES;
				CLANG_WARN_COMMA = YES;
				CLANG_WARN_CONSTANT_CONVERSION = YES;
				CLANG_WARN_DEPRECATED_OBJC_IMPLEMENTATIONS = YES;
				CLANG_WARN_DIRECT_OBJC_ISA_USAGE = YES_ERROR;
				CLANG_WARN_DOCUMENTATION_COMMENTS = YES;
				CLANG_WARN_EMPTY_BODY = YES;
				CLANG_WARN_ENUM_CONVERSION = YES;
				CLANG_WARN_INFINITE_RECURSION = YES;
				CLANG_WARN_INT_CONVERSION = YES;
				CLANG_WARN_NON_LITERAL_NULL_CONVERSION = YES;
				CLANG_WARN_OBJC_IMPLICIT_RETAIN_SELF = YES;
				CLANG_WARN_OBJC_LITERAL_CONVERSION = YES;
				CLANG_WARN_OBJC_ROOT_CLASS = YES_ERROR;
				CLANG_WARN_QUOTED_INCLUDE_IN_FRAMEWORK_HEADER = YES;
				CLANG_WARN_RANGE_LOOP_ANALYSIS = YES;
				CLANG_WARN_STRICT_PROTOTYPES = YES;
				CLANG_WARN_SUSPICIOUS_MOVE = YES;
				CLANG_WARN_UNGUARDED_AVAILABILITY = YES_AGGRESSIVE;
				CLANG_WARN_UNREACHABLE_CODE = YES;
				CLANG_WARN__DUPLICATE_METHOD_MATCH = YES;
				COPY_PHASE_STRIP = NO;
				DEBUG_INFORMATION_FORMAT = dwarf;
				ENABLE_STRICT_OBJC_MSGSEND = YES;
				ENABLE_TESTABILITY = YES;
				GCC_C_LANGUAGE_STANDARD = gnu11;
				GCC_DYNAMIC_NO_PIC = NO;
				GCC_NO_COMMON_BLOCKS = YES;
				GCC_OPTIMIZATION_LEVEL = 0;
				GCC_PREPROCESSOR_DEFINITIONS = (
					"DEBUG=1",
					"$(inherited)",
				);
				GCC_WARN_64_TO_32_BIT_CONVERSION = YES;
				GCC_WARN_ABOUT_RETURN_TYPE = YES_ERROR;
				GCC_WARN_UNDECLARED_SELECTOR = YES;
				GCC_WARN_UNINITIALIZED_AUTOS = YES_AGGRESSIVE;
				GCC_WARN_UNUSED_FUNCTION = YES;
				GCC_WARN_UNUSED_VARIABLE = YES;
				IPHONEOS_DEPLOYMENT_TARGET = 14.5;
				MTL_ENABLE_DEBUG_INFO = INCLUDE_SOURCE;
				MTL_FAST_MATH = YES;
				ONLY_ACTIVE_ARCH = YES;
				SDKROOT = iphoneos;
				SWIFT_ACTIVE_COMPILATION_CONDITIONS = DEBUG;
				SWIFT_OPTIMIZATION_LEVEL = "-Onone";
			};
			name = Debug;
		};
		1A6BAA4326A9DBEF004D092A /* Release */ = {
			isa = XCBuildConfiguration;
			buildSettings = {
				ALWAYS_SEARCH_USER_PATHS = NO;
				CLANG_ANALYZER_NONNULL = YES;
				CLANG_ANALYZER_NUMBER_OBJECT_CONVERSION = YES_AGGRESSIVE;
				CLANG_CXX_LANGUAGE_STANDARD = "gnu++14";
				CLANG_CXX_LIBRARY = "libc++";
				CLANG_ENABLE_MODULES = YES;
				CLANG_ENABLE_OBJC_ARC = YES;
				CLANG_ENABLE_OBJC_WEAK = YES;
				CLANG_WARN_BLOCK_CAPTURE_AUTORELEASING = YES;
				CLANG_WARN_BOOL_CONVERSION = YES;
				CLANG_WARN_COMMA = YES;
				CLANG_WARN_CONSTANT_CONVERSION = YES;
				CLANG_WARN_DEPRECATED_OBJC_IMPLEMENTATIONS = YES;
				CLANG_WARN_DIRECT_OBJC_ISA_USAGE = YES_ERROR;
				CLANG_WARN_DOCUMENTATION_COMMENTS = YES;
				CLANG_WARN_EMPTY_BODY = YES;
				CLANG_WARN_ENUM_CONVERSION = YES;
				CLANG_WARN_INFINITE_RECURSION = YES;
				CLANG_WARN_INT_CONVERSION = YES;
				CLANG_WARN_NON_LITERAL_NULL_CONVERSION = YES;
				CLANG_WARN_OBJC_IMPLICIT_RETAIN_SELF = YES;
				CLANG_WARN_OBJC_LITERAL_CONVERSION = YES;
				CLANG_WARN_OBJC_ROOT_CLASS = YES_ERROR;
				CLANG_WARN_QUOTED_INCLUDE_IN_FRAMEWORK_HEADER = YES;
				CLANG_WARN_RANGE_LOOP_ANALYSIS = YES;
				CLANG_WARN_STRICT_PROTOTYPES = YES;
				CLANG_WARN_SUSPICIOUS_MOVE = YES;
				CLANG_WARN_UNGUARDED_AVAILABILITY = YES_AGGRESSIVE;
				CLANG_WARN_UNREACHABLE_CODE = YES;
				CLANG_WARN__DUPLICATE_METHOD_MATCH = YES;
				COPY_PHASE_STRIP = NO;
				DEBUG_INFORMATION_FORMAT = "dwarf-with-dsym";
				ENABLE_NS_ASSERTIONS = NO;
				ENABLE_STRICT_OBJC_MSGSEND = YES;
				GCC_C_LANGUAGE_STANDARD = gnu11;
				GCC_NO_COMMON_BLOCKS = YES;
				GCC_WARN_64_TO_32_BIT_CONVERSION = YES;
				GCC_WARN_ABOUT_RETURN_TYPE = YES_ERROR;
				GCC_WARN_UNDECLARED_SELECTOR = YES;
				GCC_WARN_UNINITIALIZED_AUTOS = YES_AGGRESSIVE;
				GCC_WARN_UNUSED_FUNCTION = YES;
				GCC_WARN_UNUSED_VARIABLE = YES;
				IPHONEOS_DEPLOYMENT_TARGET = 14.5;
				MTL_ENABLE_DEBUG_INFO = NO;
				MTL_FAST_MATH = YES;
				SDKROOT = iphoneos;
				SWIFT_COMPILATION_MODE = wholemodule;
				SWIFT_OPTIMIZATION_LEVEL = "-O";
				VALIDATE_PRODUCT = YES;
			};
			name = Release;
		};
		1A6BAA4526A9DBEF004D092A /* Debug */ = {
			isa = XCBuildConfiguration;
			buildSettings = {
				ASSETCATALOG_COMPILER_APPICON_NAME = AppIcon;
				ASSETCATALOG_COMPILER_GLOBAL_ACCENT_COLOR_NAME = AccentColor;
				CODE_SIGN_STYLE = Automatic;
				INFOPLIST_FILE = MoodletGitREPO2/Info.plist;
				LD_RUNPATH_SEARCH_PATHS = (
					"$(inherited)",
					"@executable_path/Frameworks",
				);
				PRODUCT_BUNDLE_IDENTIFIER = com.example.MoodletGitREPO2;
				PRODUCT_NAME = "$(TARGET_NAME)";
				SWIFT_VERSION = 5.0;
				TARGETED_DEVICE_FAMILY = "1,2";
			};
			name = Debug;
		};
		1A6BAA4626A9DBEF004D092A /* Release */ = {
			isa = XCBuildConfiguration;
			buildSettings = {
				ASSETCATALOG_COMPILER_APPICON_NAME = AppIcon;
				ASSETCATALOG_COMPILER_GLOBAL_ACCENT_COLOR_NAME = AccentColor;
				CODE_SIGN_STYLE = Automatic;
				INFOPLIST_FILE = MoodletGitREPO2/Info.plist;
				LD_RUNPATH_SEARCH_PATHS = (
					"$(inherited)",
					"@executable_path/Frameworks",
				);
				PRODUCT_BUNDLE_IDENTIFIER = com.example.MoodletGitREPO2;
				PRODUCT_NAME = "$(TARGET_NAME)";
				SWIFT_VERSION = 5.0;
				TARGETED_DEVICE_FAMILY = "1,2";
			};
			name = Release;
		};
/* End XCBuildConfiguration section */

/* Begin XCConfigurationList section */
		1A6BAA2B26A9DBEE004D092A /* Build configuration list for PBXProject "MoodletGitREPO2" */ = {
			isa = XCConfigurationList;
			buildConfigurations = (
				1A6BAA4226A9DBEF004D092A /* Debug */,
				1A6BAA4326A9DBEF004D092A /* Release */,
			);
			defaultConfigurationIsVisible = 0;
			defaultConfigurationName = Release;
		};
		1A6BAA4426A9DBEF004D092A /* Build configuration list for PBXNativeTarget "MoodletGitREPO2" */ = {
			isa = XCConfigurationList;
			buildConfigurations = (
				1A6BAA4526A9DBEF004D092A /* Debug */,
				1A6BAA4626A9DBEF004D092A /* Release */,
			);
			defaultConfigurationIsVisible = 0;
			defaultConfigurationName = Release;
		};
/* End XCConfigurationList section */
	};
	rootObject = 1A6BAA2826A9DBEE004D092A /* Project object */;
}
